
Microsoft Visual Studio Solution File, Format Version 12.00
# Visual Studio Version 17
VisualStudioVersion = 17.4.33213.308
MinimumVisualStudioVersion = 10.0.40219.1
Project("{8BC9CEB8-8B4A-11D0-8D11-00A0C91BC942}") = "Window", "Window\Window.vcxproj", "{B3830BE6-07AB-4C0D-BB5B-C5C89D88EC0D}"
EndProject
Global
	GlobalSection(SolutionConfigurationPlatforms) = preSolution
		Debug|x64 = Debug|x64
		Debug|x86 = Debug|x86
		Release|x64 = Release|x64
		Release|x86 = Release|x86
	EndGlobalSection
	GlobalSection(ProjectConfigurationPlatforms) = postSolution
		{B3830BE6-07AB-4C0D-BB5B-C5C89D88EC0D}.Debug|x64.ActiveCfg = Debug|x64
		{B3830BE6-07AB-4C0D-BB5B-C5C89D88EC0D}.Debug|x64.Build.0 = Debug|x64
		{B3830BE6-07AB-4C0D-BB5B-C5C89D88EC0D}.Debug|x86.ActiveCfg = Debug|Win32
		{B3830BE6-07AB-4C0D-BB5B-C5C89D88EC0D}.Debug|x86.Build.0 = Debug|Win32
		{B3830BE6-07AB-4C0D-BB5B-C5C89D88EC0D}.Release|x64.ActiveCfg = Release|x64
		{B3830BE6-07AB-4C0D-BB5B-C5C89D88EC0D}.Release|x64.Build.0 = Release|x64
		{B3830BE6-07AB-4C0D-BB5B-C5C89D88EC0D}.Release|x86.ActiveCfg = Release|Win32
		{B3830BE6-07AB-4C0D-BB5B-C5C89D88EC0D}.Release|x86.Build.0 = Release|Win32
	EndGlobalSection
	GlobalSection(SolutionProperties) = preSolution
		HideSolutionNode = FALSE
	EndGlobalSection
	GlobalSection(ExtensibilityGlobals) = postSolution
		SolutionGuid = {6CB479FC-CFFE-4694-A00D-413A26D12155}
	EndGlobalSection
EndGlobal
